{
    "_meta": {
        "hash": {
            "sha256": "756deebfccec36ff3647c2d3111d81b6a12f5bc90880b4c7facb3cd91cc96e25"
        },
        "pipfile-spec": 6,
        "requires": {
            "python_version": "3.9"
        },
        "sources": [
            {
                "name": "pypi",
                "url": "https://pypi.org/simple",
                "verify_ssl": true
            }
        ]
    },
    "default": {
        "easyprocess": {
            "hashes": [
                "sha256:82eed523a0a5eb12a81fa4eacd9f342caeb3f900eb4b798740e6696ad07e63f9",
                "sha256:885898302a57aab948973e8b5d32a4229392b9fb2d986ab1d4ffd590e5ba90ec"
            ],
            "version": "==1.1"
        },
        "entrypoint2": {
            "hashes": [
                "sha256:eeb8c327bdb65cdd1668c023a6b110b7e3d1a046fb05e043861ebd9264b3a257",
                "sha256:fc0b7fe7b21acdab47a585ab9407ca7e5c4f96cb6888575db6b0ceb91f0e105a"
            ],
            "version": "==1.1"
        },
        "patool": {
            "hashes": [
                "sha256:3f642549c9a78f5b8bef1af92df385b521d360520d1f34e4dba3fd1dee2a21bc",
                "sha256:e3180cf8bfe13bedbcf6f5628452fca0c2c84a3b5ae8c2d3f55720ea04cb1097"
            ],
            "index": "pypi",
            "version": "==1.12"
        },
        "pyunpack": {
            "hashes": [
                "sha256:8f517cfc71215f37f74cf3a7668028828c68dc76f4d02e7a69f227ce978d51a3",
                "sha256:b9192665c3aa28eaeb2b01198a2f2f985d9a3ecce55f266a657b31cd337d3f12"
            ],
            "index": "pypi",
            "version": "==0.3"
        }
    },
    "develop": {}
}
