{
    "_meta": {
        "hash": {
            "sha256": "5572a893e5676d5da6d9e33427e417ea6e92cdcd2269057379342f00c9731a73"
        },
        "pipfile-spec": 6,
        "requires": {
            "python_version": "3.10"
        },
        "sources": [
            {
                "name": "pypi",
                "url": "https://pypi.org/simple",
                "verify_ssl": true
            }
        ]
    },
    "default": {
        "easyprocess": {
            "hashes": [
                "sha256:82eed523a0a5eb12a81fa4eacd9f342caeb3f900eb4b798740e6696ad07e63f9",
                "sha256:885898302a57aab948973e8b5d32a4229392b9fb2d986ab1d4ffd590e5ba90ec"
            ],
            "version": "==1.1"
        },
        "entrypoint2": {
            "hashes": [
                "sha256:eeb8c327bdb65cdd1668c023a6b110b7e3d1a046fb05e043861ebd9264b3a257",
                "sha256:fc0b7fe7b21acdab47a585ab9407ca7e5c4f96cb6888575db6b0ceb91f0e105a"
            ],
            "version": "==1.1"
        },
        "patool": {
            "hashes": [
                "sha256:3f642549c9a78f5b8bef1af92df385b521d360520d1f34e4dba3fd1dee2a21bc",
                "sha256:e3180cf8bfe13bedbcf6f5628452fca0c2c84a3b5ae8c2d3f55720ea04cb1097"
            ],
            "index": "pypi",
            "version": "==1.12"
        },
        "pyunpack": {
            "hashes": [
                "sha256:8f517cfc71215f37f74cf3a7668028828c68dc76f4d02e7a69f227ce978d51a3",
                "sha256:b9192665c3aa28eaeb2b01198a2f2f985d9a3ecce55f266a657b31cd337d3f12"
            ],
            "index": "pypi",
            "version": "==0.3"
        }
    },
    "develop": {
        "autopep8": {
            "hashes": [
                "sha256:6f09e90a2be784317e84dc1add17ebfc7abe3924239957a37e5040e27d812087",
                "sha256:ca9b1a83e53a7fad65d731dc7a2a2d50aa48f43850407c59f6a1a306c4201142"
            ],
            "index": "pypi",
            "version": "==1.7.0"
        },
        "pycodestyle": {
            "hashes": [
                "sha256:2c9607871d58c76354b697b42f5d57e1ada7d261c261efac224b664affdc5785",
                "sha256:d1735fc58b418fd7c5f658d28d943854f8a849b01a5d0a1e6f3f3fdd0166804b"
            ],
            "markers": "python_version >= '3.6'",
            "version": "==2.9.1"
        },
        "toml": {
            "hashes": [
                "sha256:806143ae5bfb6a3c6e736a764057db0e6a0e05e338b5630894a5f779cabb4f9b",
                "sha256:b3bda1d108d5dd99f4a20d24d9c348e91c4db7ab1b749200bded2f839ccbe68f"
            ],
            "markers": "python_version >= '2.6' and python_version not in '3.0, 3.1, 3.2, 3.3'",
            "version": "==0.10.2"
        }
    }
}
